
Microsoft Visual Studio Solution File, Format Version 12.00
# Visual Studio Version 17
VisualStudioVersion = 17.6.33815.320
MinimumVisualStudioVersion = 10.0.40219.1
Project("{2150E333-8FDC-42A3-9474-1A3956D46DE8}") = "src", "src", "{EF47161E-E399-451C-BDE8-E92AAD3BD761}"
EndProject
Project("{2150E333-8FDC-42A3-9474-1A3956D46DE8}") = "providers", "providers", "{2EEE6ABD-EE9B-473F-AF2D-6DABB85D7BA2}"
EndProject
Project("{2150E333-8FDC-42A3-9474-1A3956D46DE8}") = "test", "test", "{E6CEAD8D-F565-471E-A0DC-676F54EAEDEB}"
EndProject
Project("{9A19103F-16F7-4668-BE54-9A1E7A4F7556}") = "WorkflowCore", "src\WorkflowCore\WorkflowCore.csproj", "{B7B2EA4D-E7F0-43E2-942A-3A5AA8F57272}"
EndProject
Project("{9A19103F-16F7-4668-BE54-9A1E7A4F7556}") = "WorkflowCore.Persistence.EntityFramework", "src\providers\WorkflowCore.Persistence.EntityFramework\WorkflowCore.Persistence.EntityFramework.csproj", "{FE54AD67-817A-4CC6-A9EF-C9F7A5122CA4}"
EndProject
Project("{9A19103F-16F7-4668-BE54-9A1E7A4F7556}") = "WorkflowCore.Persistence.Sqlite", "src\providers\WorkflowCore.Persistence.Sqlite\WorkflowCore.Persistence.Sqlite.csproj", "{86BC1E05-E9CE-4E53-B324-885A2FDBCE74}"
EndProject
Project("{9A19103F-16F7-4668-BE54-9A1E7A4F7556}") = "WorkflowCore.UnitTests", "test\WorkflowCore.UnitTests\WorkflowCore.UnitTests.csproj", "{37B598A8-B054-4ABA-884D-96AEF2511600}"
EndProject
Project("{9A19103F-16F7-4668-BE54-9A1E7A4F7556}") = "WorkflowCore.TestAssets", "test\WorkflowCore.TestAssets\WorkflowCore.TestAssets.csproj", "{17C270A8-EC88-4883-9318-74BB28EFF508}"
EndProject
Project("{9A19103F-16F7-4668-BE54-9A1E7A4F7556}") = "WorkflowCore.Tests.Sqlite", "test\WorkflowCore.Tests.Sqlite\WorkflowCore.Tests.Sqlite.csproj", "{F9F8F9CD-01D9-468B-856D-6A87F0762A01}"
EndProject
Project("{9A19103F-16F7-4668-BE54-9A1E7A4F7556}") = "WorkflowCore.Testing", "src\WorkflowCore.Testing\WorkflowCore.Testing.csproj", "{62A9709E-27DA-42EE-B94F-5AF431D86354}"
EndProject
Project("{9A19103F-16F7-4668-BE54-9A1E7A4F7556}") = "WorkflowCore.Tests.DynamoDB", "test\WorkflowCore.Tests.DynamoDB\WorkflowCore.Tests.DynamoDB.csproj", "{3ECEC028-7E2C-4983-B928-26C073B51BB7}"
EndProject
Project("{9A19103F-16F7-4668-BE54-9A1E7A4F7556}") = "WorkflowCore.DSL", "src\WorkflowCore.DSL\WorkflowCore.DSL.csproj", "{20B98905-08CB-4854-8E2C-A31A078383E9}"
EndProject
Project("{9A19103F-16F7-4668-BE54-9A1E7A4F7556}") = "SkatWorkerAPI", "..\SkatWorkerAPI\SkatWorkerAPI.csproj", "{EC2DB3CD-C14B-4329-8113-5A34B6FEDE50}"
EndProject
Global
	GlobalSection(SolutionConfigurationPlatforms) = preSolution
		Debug|Any CPU = Debug|Any CPU
		Release|Any CPU = Release|Any CPU
	EndGlobalSection
	GlobalSection(ProjectConfigurationPlatforms) = postSolution
		{B7B2EA4D-E7F0-43E2-942A-3A5AA8F57272}.Debug|Any CPU.ActiveCfg = Debug|Any CPU
		{B7B2EA4D-E7F0-43E2-942A-3A5AA8F57272}.Debug|Any CPU.Build.0 = Debug|Any CPU
		{B7B2EA4D-E7F0-43E2-942A-3A5AA8F57272}.Release|Any CPU.ActiveCfg = Release|Any CPU
		{B7B2EA4D-E7F0-43E2-942A-3A5AA8F57272}.Release|Any CPU.Build.0 = Release|Any CPU
		{FE54AD67-817A-4CC6-A9EF-C9F7A5122CA4}.Debug|Any CPU.ActiveCfg = Debug|Any CPU
		{FE54AD67-817A-4CC6-A9EF-C9F7A5122CA4}.Debug|Any CPU.Build.0 = Debug|Any CPU
		{FE54AD67-817A-4CC6-A9EF-C9F7A5122CA4}.Release|Any CPU.ActiveCfg = Release|Any CPU
		{FE54AD67-817A-4CC6-A9EF-C9F7A5122CA4}.Release|Any CPU.Build.0 = Release|Any CPU
		{86BC1E05-E9CE-4E53-B324-885A2FDBCE74}.Debug|Any CPU.ActiveCfg = Debug|Any CPU
		{86BC1E05-E9CE-4E53-B324-885A2FDBCE74}.Debug|Any CPU.Build.0 = Debug|Any CPU
		{86BC1E05-E9CE-4E53-B324-885A2FDBCE74}.Release|Any CPU.ActiveCfg = Release|Any CPU
		{86BC1E05-E9CE-4E53-B324-885A2FDBCE74}.Release|Any CPU.Build.0 = Release|Any CPU
		{37B598A8-B054-4ABA-884D-96AEF2511600}.Debug|Any CPU.ActiveCfg = Debug|Any CPU
		{37B598A8-B054-4ABA-884D-96AEF2511600}.Debug|Any CPU.Build.0 = Debug|Any CPU
		{37B598A8-B054-4ABA-884D-96AEF2511600}.Release|Any CPU.ActiveCfg = Release|Any CPU
		{37B598A8-B054-4ABA-884D-96AEF2511600}.Release|Any CPU.Build.0 = Release|Any CPU
		{17C270A8-EC88-4883-9318-74BB28EFF508}.Debug|Any CPU.ActiveCfg = Debug|Any CPU
		{17C270A8-EC88-4883-9318-74BB28EFF508}.Debug|Any CPU.Build.0 = Debug|Any CPU
		{17C270A8-EC88-4883-9318-74BB28EFF508}.Release|Any CPU.ActiveCfg = Release|Any CPU
		{17C270A8-EC88-4883-9318-74BB28EFF508}.Release|Any CPU.Build.0 = Release|Any CPU
		{F9F8F9CD-01D9-468B-856D-6A87F0762A01}.Debug|Any CPU.ActiveCfg = Debug|Any CPU
		{F9F8F9CD-01D9-468B-856D-6A87F0762A01}.Debug|Any CPU.Build.0 = Debug|Any CPU
		{F9F8F9CD-01D9-468B-856D-6A87F0762A01}.Release|Any CPU.ActiveCfg = Release|Any CPU
		{F9F8F9CD-01D9-468B-856D-6A87F0762A01}.Release|Any CPU.Build.0 = Release|Any CPU
		{62A9709E-27DA-42EE-B94F-5AF431D86354}.Debug|Any CPU.ActiveCfg = Debug|Any CPU
		{62A9709E-27DA-42EE-B94F-5AF431D86354}.Debug|Any CPU.Build.0 = Debug|Any CPU
		{62A9709E-27DA-42EE-B94F-5AF431D86354}.Release|Any CPU.ActiveCfg = Release|Any CPU
		{62A9709E-27DA-42EE-B94F-5AF431D86354}.Release|Any CPU.Build.0 = Release|Any CPU
		{3ECEC028-7E2C-4983-B928-26C073B51BB7}.Debug|Any CPU.ActiveCfg = Debug|Any CPU
		{3ECEC028-7E2C-4983-B928-26C073B51BB7}.Release|Any CPU.ActiveCfg = Release|Any CPU
		{3ECEC028-7E2C-4983-B928-26C073B51BB7}.Release|Any CPU.Build.0 = Release|Any CPU
		{20B98905-08CB-4854-8E2C-A31A078383E9}.Debug|Any CPU.ActiveCfg = Debug|Any CPU
		{20B98905-08CB-4854-8E2C-A31A078383E9}.Debug|Any CPU.Build.0 = Debug|Any CPU
		{20B98905-08CB-4854-8E2C-A31A078383E9}.Release|Any CPU.ActiveCfg = Release|Any CPU
		{20B98905-08CB-4854-8E2C-A31A078383E9}.Release|Any CPU.Build.0 = Release|Any CPU
		{EC2DB3CD-C14B-4329-8113-5A34B6FEDE50}.Debug|Any CPU.ActiveCfg = Debug|Any CPU
		{EC2DB3CD-C14B-4329-8113-5A34B6FEDE50}.Debug|Any CPU.Build.0 = Debug|Any CPU
		{EC2DB3CD-C14B-4329-8113-5A34B6FEDE50}.Release|Any CPU.ActiveCfg = Release|Any CPU
		{EC2DB3CD-C14B-4329-8113-5A34B6FEDE50}.Release|Any CPU.Build.0 = Release|Any CPU
	EndGlobalSection
	GlobalSection(SolutionProperties) = preSolution
		HideSolutionNode = FALSE
	EndGlobalSection
	GlobalSection(NestedProjects) = preSolution
		{2EEE6ABD-EE9B-473F-AF2D-6DABB85D7BA2} = {EF47161E-E399-451C-BDE8-E92AAD3BD761}
		{B7B2EA4D-E7F0-43E2-942A-3A5AA8F57272} = {EF47161E-E399-451C-BDE8-E92AAD3BD761}
		{FE54AD67-817A-4CC6-A9EF-C9F7A5122CA4} = {2EEE6ABD-EE9B-473F-AF2D-6DABB85D7BA2}
		{86BC1E05-E9CE-4E53-B324-885A2FDBCE74} = {2EEE6ABD-EE9B-473F-AF2D-6DABB85D7BA2}
		{37B598A8-B054-4ABA-884D-96AEF2511600} = {E6CEAD8D-F565-471E-A0DC-676F54EAEDEB}
		{17C270A8-EC88-4883-9318-74BB28EFF508} = {E6CEAD8D-F565-471E-A0DC-676F54EAEDEB}
		{F9F8F9CD-01D9-468B-856D-6A87F0762A01} = {E6CEAD8D-F565-471E-A0DC-676F54EAEDEB}
		{62A9709E-27DA-42EE-B94F-5AF431D86354} = {E6CEAD8D-F565-471E-A0DC-676F54EAEDEB}
		{3ECEC028-7E2C-4983-B928-26C073B51BB7} = {E6CEAD8D-F565-471E-A0DC-676F54EAEDEB}
		{20B98905-08CB-4854-8E2C-A31A078383E9} = {EF47161E-E399-451C-BDE8-E92AAD3BD761}
		{EC2DB3CD-C14B-4329-8113-5A34B6FEDE50} = {EF47161E-E399-451C-BDE8-E92AAD3BD761}
	EndGlobalSection
	GlobalSection(ExtensibilityGlobals) = postSolution
		SolutionGuid = {DC0FA8D3-6449-4FDA-BB46-ECF58FAD23B4}
	EndGlobalSection
EndGlobal
